{
  "nodes": {
    "indentlog_path": {
      "flake": false,
      "locked": {
        "lastModified": 1696631410,
        "narHash": "sha256-Au9NAwwdOHxP6AhsCGSfXzIdAECDfjgZzO/15zOap/g=",
        "owner": "Rconybea",
        "repo": "indentlog",
        "rev": "c6a258eb3cffe52d61bd9ab08b713050b0c9ab5b",
        "type": "github"
      },
      "original": {
        "owner": "Rconybea",
        "repo": "indentlog",
        "type": "github"
      }
    },
    "nixpkgs": {
      "locked": {
        "lastModified": 1685566663,
        "narHash": "sha256-btHN1czJ6rzteeCuE/PNrdssqYD2nIA4w48miQAFloM=",
        "owner": "nixos",
        "repo": "nixpkgs",
        "rev": "4ecab3273592f27479a583fb6d975d4aba3486fe",
        "type": "github"
      },
      "original": {
        "owner": "nixos",
        "ref": "23.05",
        "repo": "nixpkgs",
        "type": "github"
      }
    },
    "randomgen_path": {
      "flake": false,
      "locked": {
        "lastModified": 1696787628,
        "narHash": "sha256-fKTyQQ8kQWpStJg/C0JJpZjph/EasqKpg6rVTw/77qo=",
        "owner": "Rconybea",
        "repo": "randomgen",
        "rev": "3f82f69374379b6cb487cdc2b3c22c6395758775",
        "type": "github"
      },
      "original": {
        "owner": "Rconybea",
        "repo": "randomgen",
        "type": "github"
      }
    },
    "refcnt_path": {
      "flake": false,
      "locked": {
        "lastModified": 1696787745,
        "narHash": "sha256-Fyd6T9CBuX4Zy0jaF9x69d5oDEkOOQv1OU4r99ZbE4w=",
        "owner": "Rconybea",
        "repo": "refcnt",
        "rev": "c494a44f990310bfe6034791c12cc9c5edef8cfe",
        "type": "github"
      },
      "original": {
        "owner": "Rconybea",
        "repo": "refcnt",
        "type": "github"
      }
    },
    "reflect_path": {
      "flake": false,
      "locked": {
        "lastModified": 1696874590,
        "narHash": "sha256-poGRWKgFwEKjSIyLeEvU4IZXe4fpRICdQX+HnBQco+s=",
        "owner": "Rconybea",
        "repo": "reflect",
        "rev": "d0ccff195f49712ded3bc015b6619ba8ef685f2d",
        "type": "github"
      },
      "original": {
        "owner": "Rconybea",
        "repo": "reflect",
        "type": "github"
      }
    },
    "root": {
      "inputs": {
        "indentlog_path": "indentlog_path",
        "nixpkgs": "nixpkgs",
        "randomgen_path": "randomgen_path",
        "refcnt_path": "refcnt_path",
        "reflect_path": "reflect_path",
        "subsys_path": "subsys_path",
        "xo_cmake_path": "xo_cmake_path",
        "xo_ordinaltree_path": "xo_ordinaltree_path",
        "xo_pyreflect_path": "xo_pyreflect_path",
        "xo_pyutil_path": "xo_pyutil_path"
      }
    },
    "subsys_path": {
      "flake": false,
      "locked": {
        "lastModified": 1696633944,
        "narHash": "sha256-WpFiRO0cCHI623XidMpH4ryMaxn1sQ+byp5W0KRFYiM=",
        "owner": "Rconybea",
        "repo": "subsys",
        "rev": "ebfbd40afc752d160ae23c1b424094f14ec66d77",
        "type": "github"
      },
      "original": {
        "owner": "Rconybea",
        "repo": "subsys",
        "type": "github"
      }
    },
    "xo_cmake_path": {
      "flake": false,
      "locked": {
        "lastModified": 1696787408,
        "narHash": "sha256-DZi87eQbUmcTmkrUsS8OL1+TeliToBZ0LSlwjmk1KCg=",
        "owner": "Rconybea",
        "repo": "xo-cmake",
        "rev": "46ff8f0b41d45d92a49d3f69abb5dba8cc27c008",
        "type": "github"
      },
      "original": {
        "owner": "Rconybea",
        "repo": "xo-cmake",
        "type": "github"
      }
    },
    "xo_ordinaltree_path": {
      "flake": false,
      "locked": {
        "lastModified": 1696788638,
        "narHash": "sha256-qZHCrLbum90Q+RYxM1Rqlm7EogNORuW2ZK5JRx1mFiE=",
        "owner": "Rconybea",
        "repo": "xo-ordinaltree",
        "rev": "e1bbb4261c21a2fcf4bc9c70dc76d8538cec7e61",
        "type": "github"
      },
      "original": {
        "owner": "Rconybea",
        "repo": "xo-ordinaltree",
        "type": "github"
      }
    },
    "xo_pyreflect_path": {
      "flake": false,
      "locked": {
        "lastModified": 1696709019,
        "narHash": "sha256-LbH0BiU7nFnCgfZQU97yG8c8xbKe4SEdfq2vDDiBcr0=",
        "owner": "Rconybea",
        "repo": "xo-pyreflect",
        "rev": "ac5534d8e2717e4241b9e66ba4ef42dcf373ce15",
        "type": "github"
      },
      "original": {
        "owner": "Rconybea",
        "repo": "xo-pyreflect",
        "type": "github"
      }
    },
    "xo_pyutil_path": {
      "flake": false,
      "locked": {
        "lastModified": 1696789300,
        "narHash": "sha256-CFqtQvdW5ReXS2yb8T2ycRrSmBbP7e4sirfy4NMSz3w=",
        "owner": "Rconybea",
        "repo": "xo-pyutil",
        "rev": "4daef0555000f41b8485a765ac85adfe216c9714",
        "type": "github"
      },
      "original": {
        "owner": "Rconybea",
        "repo": "xo-pyutil",
        "type": "github"
      }
    }
  },
  "root": "root",
  "version": 7
}
