{
  "nodes": {
    "indentlog_path": {
      "flake": false,
      "locked": {
        "lastModified": 1697567847,
        "narHash": "sha256-au6Yg9ZJL+e1uQ2mF2ixIZtHHDf5uupw3c3q5CMaUIA=",
        "owner": "Rconybea",
        "repo": "indentlog",
        "rev": "5fb7586fea1cd1de890ebd2b05667277735aae0e",
        "type": "github"
      },
      "original": {
        "owner": "Rconybea",
        "repo": "indentlog",
        "type": "github"
      }
    },
    "nixpkgs": {
      "locked": {
        "narHash": "sha256-Tt14Xkm2OBVM6vn06KI5lGAH17jwfDlvgEzTfspRcUU=",
        "type": "tarball",
        "url": "https://github.com/NixOS/nixpkgs/archive/fac3684647cc9d6dfb2a39f3f4b7cf5fc89c96b6.tar.gz"
      },
      "original": {
        "type": "tarball",
        "url": "https://github.com/NixOS/nixpkgs/archive/fac3684647cc9d6dfb2a39f3f4b7cf5fc89c96b6.tar.gz"
      }
    },
    "randomgen_path": {
      "flake": false,
      "locked": {
        "lastModified": 1697568867,
        "narHash": "sha256-gT2oC/7o8gl+vqWTVwNhGvVPwWROkvhf2RsUDDLZrZ8=",
        "owner": "Rconybea",
        "repo": "randomgen",
        "rev": "a4c264d8db2f02e7d7bc433e22f571b65450aba1",
        "type": "github"
      },
      "original": {
        "owner": "Rconybea",
        "repo": "randomgen",
        "type": "github"
      }
    },
    "refcnt_path": {
      "flake": false,
      "locked": {
        "lastModified": 1697568153,
        "narHash": "sha256-TEKJkFio/ib7/w1dpTgK5ISm0SX7HkMLcX9tx1/a5xI=",
        "owner": "Rconybea",
        "repo": "refcnt",
        "rev": "fb36eee3d0906331e85b4de00b334d3a911b9388",
        "type": "github"
      },
      "original": {
        "owner": "Rconybea",
        "repo": "refcnt",
        "type": "github"
      }
    },
    "reflect_path": {
      "flake": false,
      "locked": {
        "lastModified": 1697568773,
        "narHash": "sha256-qq3G1eVgYQ+JvonHADvMtonNuUiPrXPvNnBtw4Tcw+E=",
        "owner": "Rconybea",
        "repo": "reflect",
        "rev": "0d6e9afc0a757c0275591341b664632777714582",
        "type": "github"
      },
      "original": {
        "owner": "Rconybea",
        "repo": "reflect",
        "type": "github"
      }
    },
    "root": {
      "inputs": {
        "indentlog_path": "indentlog_path",
        "nixpkgs": "nixpkgs",
        "randomgen_path": "randomgen_path",
        "refcnt_path": "refcnt_path",
        "reflect_path": "reflect_path",
        "subsys_path": "subsys_path",
        "xo_callback_path": "xo_callback_path",
        "xo_cmake_path": "xo_cmake_path",
        "xo_ordinaltree_path": "xo_ordinaltree_path",
        "xo_printjson_path": "xo_printjson_path",
        "xo_pyprintjson_path": "xo_pyprintjson_path",
        "xo_pyreactor_path": "xo_pyreactor_path",
        "xo_pyreflect_path": "xo_pyreflect_path",
        "xo_pyutil_path": "xo_pyutil_path",
        "xo_pywebutil_path": "xo_pywebutil_path",
        "xo_reactor_path": "xo_reactor_path",
        "xo_simulator_path": "xo_simulator_path",
        "xo_websock_path": "xo_websock_path",
        "xo_webutil_path": "xo_webutil_path"
      }
    },
    "subsys_path": {
      "flake": false,
      "locked": {
        "lastModified": 1696885154,
        "narHash": "sha256-3wtIFTPZqWozsMHzw8F283tHBI/XjiLZK+611lhS0lA=",
        "owner": "Rconybea",
        "repo": "subsys",
        "rev": "7a800d7cf07cd55022a1819d80f0b737a8ee1dcb",
        "type": "github"
      },
      "original": {
        "owner": "Rconybea",
        "repo": "subsys",
        "type": "github"
      }
    },
    "xo_callback_path": {
      "flake": false,
      "locked": {
        "lastModified": 1697571371,
        "narHash": "sha256-gbLn29AIdbAR3syPK4jwuHIYJZPg2SOWR+GUaDnx4RM=",
        "owner": "Rconybea",
        "repo": "xo-callback",
        "rev": "8d0a327aadc6003508ee9582b34ab15f2f90160e",
        "type": "github"
      },
      "original": {
        "owner": "Rconybea",
        "repo": "xo-callback",
        "type": "github"
      }
    },
    "xo_cmake_path": {
      "flake": false,
      "locked": {
        "lastModified": 1697650182,
        "narHash": "sha256-2N+29QjWcRDw3PQBaoRz9SJJhpJhMXgOsFDgoYcHH98=",
        "owner": "Rconybea",
        "repo": "xo-cmake",
        "rev": "70c76bd4a85e4b7bd6dd49c12ce759a68d6ffc13",
        "type": "github"
      },
      "original": {
        "owner": "Rconybea",
        "repo": "xo-cmake",
        "type": "github"
      }
    },
    "xo_ordinaltree_path": {
      "flake": false,
      "locked": {
        "lastModified": 1697569377,
        "narHash": "sha256-glJxzYNxKqVrAxbla8iKfzujo9hZ8y1N4VUt5ZvADeY=",
        "owner": "Rconybea",
        "repo": "xo-ordinaltree",
        "rev": "b8d15cc1fa5aeeceb76c55511db01a7dfe220d30",
        "type": "github"
      },
      "original": {
        "owner": "Rconybea",
        "repo": "xo-ordinaltree",
        "type": "github"
      }
    },
    "xo_printjson_path": {
      "flake": false,
      "locked": {
        "lastModified": 1697570337,
        "narHash": "sha256-9+Qt8TOyyqIyosgIhQMnnjESm0LaM3Jq38+u8tXfiMA=",
        "owner": "Rconybea",
        "repo": "xo-printjson",
        "rev": "652362a127e70c06e2c26bdffb9bb1aaea2eacfc",
        "type": "github"
      },
      "original": {
        "owner": "Rconybea",
        "repo": "xo-printjson",
        "type": "github"
      }
    },
    "xo_pyprintjson_path": {
      "flake": false,
      "locked": {
        "lastModified": 1697650479,
        "narHash": "sha256-geCeY88lmiW9mHpjbBhVrgW8kh5Ph+TPa7hBPrrUgoI=",
        "owner": "Rconybea",
        "repo": "xo-pyprintjson",
        "rev": "36e012934856062dfb8c6f5511ec00dcfcc01819",
        "type": "github"
      },
      "original": {
        "owner": "Rconybea",
        "repo": "xo-pyprintjson",
        "type": "github"
      }
    },
    "xo_pyreactor_path": {
      "flake": false,
      "locked": {
        "lastModified": 1697662929,
        "narHash": "sha256-KP7FXPzLrUNdNeuJoc9ShfKMInHz80xfzLiX6KeCq20=",
        "owner": "Rconybea",
        "repo": "xo-pyreactor",
        "rev": "cc1c42b8c35c3a724d933551d34669e79e67af6c",
        "type": "github"
      },
      "original": {
        "owner": "Rconybea",
        "repo": "xo-pyreactor",
        "type": "github"
      }
    },
    "xo_pyreflect_path": {
      "flake": false,
      "locked": {
        "lastModified": 1697658821,
        "narHash": "sha256-eIlomXIag5rbYl+K5jwXByQvT/q/IcndLfdWxFktwB0=",
        "owner": "Rconybea",
        "repo": "xo-pyreflect",
        "rev": "63d63f953f1cdcbb6ddab27ca181973721a953d1",
        "type": "github"
      },
      "original": {
        "owner": "Rconybea",
        "repo": "xo-pyreflect",
        "type": "github"
      }
    },
    "xo_pyutil_path": {
      "flake": false,
      "locked": {
        "lastModified": 1697569590,
        "narHash": "sha256-qk4v7MwT9JUGdVyuDKZBgVeRgvbt1Nf9XW2jQJHDJi8=",
        "owner": "Rconybea",
        "repo": "xo-pyutil",
        "rev": "4468aa0ee173b482c48b0bac3656cc49ef14ff9c",
        "type": "github"
      },
      "original": {
        "owner": "Rconybea",
        "repo": "xo-pyutil",
        "type": "github"
      }
    },
    "xo_pywebutil_path": {
      "flake": false,
      "locked": {
        "lastModified": 1697660036,
        "narHash": "sha256-Mx3oSTpcmfaF8rlGYz3hjsnDjCMDpF7PMI4RwO4Px3c=",
        "owner": "Rconybea",
        "repo": "xo-pywebutil",
        "rev": "0b5fffc1208327a2162a71ba6f6325b7df60c545",
        "type": "github"
      },
      "original": {
        "owner": "Rconybea",
        "repo": "xo-pywebutil",
        "type": "github"
      }
    },
    "xo_reactor_path": {
      "flake": false,
      "locked": {
        "lastModified": 1697574783,
        "narHash": "sha256-WH8RD739trY4vvA2F1skwqw9pa+O0vnR4QiGyRnGvFg=",
        "owner": "Rconybea",
        "repo": "xo-reactor",
        "rev": "d392d5d593ecf39144691b247e92d583e18e7919",
        "type": "github"
      },
      "original": {
        "owner": "Rconybea",
        "repo": "xo-reactor",
        "type": "github"
      }
    },
    "xo_simulator_path": {
      "flake": false,
      "locked": {
        "lastModified": 1697643512,
        "narHash": "sha256-B9M4XxXgsuy2Fs06VkIgNNeJXJsycPKDcOYjQN9zM/A=",
        "owner": "Rconybea",
        "repo": "xo-websock",
        "rev": "0de914aea5ff5f9c3bb035b48f6e57ba63221130",
        "type": "github"
      },
      "original": {
        "owner": "Rconybea",
        "repo": "xo-websock",
        "type": "github"
      }
    },
    "xo_websock_path": {
      "flake": false,
      "locked": {
        "lastModified": 1697643512,
        "narHash": "sha256-B9M4XxXgsuy2Fs06VkIgNNeJXJsycPKDcOYjQN9zM/A=",
        "owner": "Rconybea",
        "repo": "xo-websock",
        "rev": "0de914aea5ff5f9c3bb035b48f6e57ba63221130",
        "type": "github"
      },
      "original": {
        "owner": "Rconybea",
        "repo": "xo-websock",
        "type": "github"
      }
    },
    "xo_webutil_path": {
      "flake": false,
      "locked": {
        "lastModified": 1697573774,
        "narHash": "sha256-XCoKd26R2vjvvcBK/+Vkbt383kj/5CC9vxLV85J+LDs=",
        "owner": "Rconybea",
        "repo": "xo-webutil",
        "rev": "6d970d4f3c944d69de69a4d15dccb8fbedfdf4be",
        "type": "github"
      },
      "original": {
        "owner": "Rconybea",
        "repo": "xo-webutil",
        "type": "github"
      }
    }
  },
  "root": "root",
  "version": 7
}
