{
  "nodes": {
    "flake-utils": {
      "inputs": {
        "systems": "systems"
      },
      "locked": {
        "lastModified": 1710146030,
        "narHash": "sha256-SZ5L6eA7HJ/nmkzGG7/ISclqe6oZdOZTNoesiInkXPQ=",
        "owner": "numtide",
        "repo": "flake-utils",
        "rev": "b1d9ab70662946ef0850d488da1c9019f3a9752a",
        "type": "github"
      },
      "original": {
        "owner": "numtide",
        "repo": "flake-utils",
        "type": "github"
      }
    },
    "nixpkgs": {
      "locked": {
        "narHash": "sha256-ci7ghtn0YKXw68Wkufou0DK3pwTmkfWeFOYkRsnLagc=",
        "type": "tarball",
        "url": "https://github.com/NixOS/nixpkgs/archive/217b3e910660fbf603b0995a6d2c3992aef4cc37.tar.gz"
      },
      "original": {
        "type": "tarball",
        "url": "https://github.com/NixOS/nixpkgs/archive/217b3e910660fbf603b0995a6d2c3992aef4cc37.tar.gz"
      }
    },
    "root": {
      "inputs": {
        "flake-utils": "flake-utils",
        "nixpkgs": "nixpkgs",
        "xo-callback-path": "xo-callback-path",
        "xo-cmake-path": "xo-cmake-path",
        "xo-distribution-path": "xo-distribution-path",
        "xo-indentlog-path": "xo-indentlog-path",
        "xo-kalmanfilter-path": "xo-kalmanfilter-path",
        "xo-ordinaltree-path": "xo-ordinaltree-path",
        "xo-printjson-path": "xo-printjson-path",
        "xo-process-path": "xo-process-path",
        "xo-pydistribution-path": "xo-pydistribution-path",
        "xo-pykalmanfilter-path": "xo-pykalmanfilter-path",
        "xo-pyprintjson-path": "xo-pyprintjson-path",
        "xo-pyprocess-path": "xo-pyprocess-path",
        "xo-pyreactor-path": "xo-pyreactor-path",
        "xo-pyreflect-path": "xo-pyreflect-path",
        "xo-pyutil-path": "xo-pyutil-path",
        "xo-pywebsock-path": "xo-pywebsock-path",
        "xo-pywebutil-path": "xo-pywebutil-path",
        "xo-randomgen-path": "xo-randomgen-path",
        "xo-reactor-path": "xo-reactor-path",
        "xo-refcnt-path": "xo-refcnt-path",
        "xo-reflect-path": "xo-reflect-path",
        "xo-simulator-path": "xo-simulator-path",
        "xo-statistics-path": "xo-statistics-path",
        "xo-subsys-path": "xo-subsys-path",
        "xo-websock-path": "xo-websock-path",
        "xo-webutil-path": "xo-webutil-path"
      }
    },
    "systems": {
      "locked": {
        "lastModified": 1681028828,
        "narHash": "sha256-Vy1rq5AaRuLzOxct8nz4T6wlgyUR7zLU309k9mBC768=",
        "owner": "nix-systems",
        "repo": "default",
        "rev": "da67096a3b9bf56a91d16901293e51ba5b49a27e",
        "type": "github"
      },
      "original": {
        "owner": "nix-systems",
        "repo": "default",
        "type": "github"
      }
    },
    "xo-callback-path": {
      "flake": false,
      "locked": {
        "lastModified": 1697749449,
        "narHash": "sha256-aEt6pHVx5sk7o/mqyMTuwiLQktBU6PBkp0ki3+1RPIg=",
        "owner": "Rconybea",
        "repo": "xo-callback",
        "rev": "dd01874b2ea023202f3084f92c31199e7fa03e2c",
        "type": "github"
      },
      "original": {
        "owner": "Rconybea",
        "repo": "xo-callback",
        "type": "github"
      }
    },
    "xo-cmake-path": {
      "flake": false,
      "locked": {
        "lastModified": 1710362047,
        "narHash": "sha256-z4ORXcYqeK/XdCyRmYSV7HHdbNumOhsgY4SSWIfLn2w=",
        "owner": "Rconybea",
        "repo": "xo-cmake",
        "rev": "93910f901300825e6348bed1806e6b534b7d15b2",
        "type": "github"
      },
      "original": {
        "owner": "Rconybea",
        "repo": "xo-cmake",
        "type": "github"
      }
    },
    "xo-distribution-path": {
      "flake": false,
      "locked": {
        "lastModified": 1698200349,
        "narHash": "sha256-PRpOimT7KxfwKF92QKACpAJZKOtNFEO1inE2vfDQRM4=",
        "owner": "Rconybea",
        "repo": "xo-distribution",
        "rev": "09cb38f26565d769d89bee5eefadd5fe3bfad3db",
        "type": "github"
      },
      "original": {
        "owner": "Rconybea",
        "repo": "xo-distribution",
        "type": "github"
      }
    },
    "xo-indentlog-path": {
      "flake": false,
      "locked": {
        "lastModified": 1710358231,
        "narHash": "sha256-dkj+61vAAkATgEghLxSBVi98wGe9V4ppjpDxSlLwHUI=",
        "owner": "Rconybea",
        "repo": "indentlog",
        "rev": "aa8f431cc292353c70c7df71db771e052d21cdc8",
        "type": "github"
      },
      "original": {
        "owner": "Rconybea",
        "repo": "indentlog",
        "type": "github"
      }
    },
    "xo-kalmanfilter-path": {
      "flake": false,
      "locked": {
        "lastModified": 1698200414,
        "narHash": "sha256-KaIzRaq/G3REV1X4KBRlFbdNXPtkXqOm/XkA1uoMmhk=",
        "owner": "Rconybea",
        "repo": "xo-kalmanfilter",
        "rev": "31105757e6e41b5f5438dd1a2fab3656acb01fab",
        "type": "github"
      },
      "original": {
        "owner": "Rconybea",
        "repo": "xo-kalmanfilter",
        "type": "github"
      }
    },
    "xo-ordinaltree-path": {
      "flake": false,
      "locked": {
        "lastModified": 1698010659,
        "narHash": "sha256-OWzipQDWscAAjOlxHXohhk2FTkVcFHc+Sk5b4esBxd8=",
        "owner": "Rconybea",
        "repo": "xo-ordinaltree",
        "rev": "b5dc259687ff5a19dcf49a57c4a8edac56ed6f0d",
        "type": "github"
      },
      "original": {
        "owner": "Rconybea",
        "repo": "xo-ordinaltree",
        "type": "github"
      }
    },
    "xo-printjson-path": {
      "flake": false,
      "locked": {
        "lastModified": 1697747455,
        "narHash": "sha256-NFQd+H++lsVEGus7NgaBQnMRP1nc6e1gt10Vq7QnFSE=",
        "owner": "Rconybea",
        "repo": "xo-printjson",
        "rev": "e3f6cda58fe00283ca880eb37b33ba44a3a73948",
        "type": "github"
      },
      "original": {
        "owner": "Rconybea",
        "repo": "xo-printjson",
        "type": "github"
      }
    },
    "xo-process-path": {
      "flake": false,
      "locked": {
        "lastModified": 1698179133,
        "narHash": "sha256-XiNdiFPAuISNbA2BvlFUgsnIoTVuW5gzdpoS9uKh7gs=",
        "owner": "Rconybea",
        "repo": "xo-process",
        "rev": "5668e1b18831ccd25bd61877fb04b5eef7e90363",
        "type": "github"
      },
      "original": {
        "owner": "Rconybea",
        "repo": "xo-process",
        "type": "github"
      }
    },
    "xo-pydistribution-path": {
      "flake": false,
      "locked": {
        "lastModified": 1698200214,
        "narHash": "sha256-1qb1rYU6Hwx7jTfQNTSoDQkhKd5N2iUivTdSKqKyPVg=",
        "owner": "Rconybea",
        "repo": "xo-pydistribution",
        "rev": "6262b043fe75802a8032bddd4ee1cda418ae1784",
        "type": "github"
      },
      "original": {
        "owner": "Rconybea",
        "repo": "xo-pydistribution",
        "type": "github"
      }
    },
    "xo-pykalmanfilter-path": {
      "flake": false,
      "locked": {
        "lastModified": 1698200100,
        "narHash": "sha256-Vc2ase0jcm7kR/6anpFFfRYqNeF0U6h1hOCvrSdO8DA=",
        "owner": "Rconybea",
        "repo": "xo-pykalmanfilter",
        "rev": "9d412f10e19099c39e13bb51354e7684acbb099f",
        "type": "github"
      },
      "original": {
        "owner": "Rconybea",
        "repo": "xo-pykalmanfilter",
        "type": "github"
      }
    },
    "xo-pyprintjson-path": {
      "flake": false,
      "locked": {
        "lastModified": 1698200060,
        "narHash": "sha256-Dw90bN5RlNmrvN5qI/9OVyy0NRz1aeCPTBazp0JpyNI=",
        "owner": "Rconybea",
        "repo": "xo-pyprintjson",
        "rev": "e28ebb94e9daa06ffb0eb0227eda2b578880b252",
        "type": "github"
      },
      "original": {
        "owner": "Rconybea",
        "repo": "xo-pyprintjson",
        "type": "github"
      }
    },
    "xo-pyprocess-path": {
      "flake": false,
      "locked": {
        "lastModified": 1698179811,
        "narHash": "sha256-he+DCVoInI9NMuNKRY5028eGNYMovIfGP4PvE2dvVA8=",
        "owner": "Rconybea",
        "repo": "xo-pyprocess",
        "rev": "bb26c99660be1b7e2b76b110bb3834dc713b1b44",
        "type": "github"
      },
      "original": {
        "owner": "Rconybea",
        "repo": "xo-pyprocess",
        "type": "github"
      }
    },
    "xo-pyreactor-path": {
      "flake": false,
      "locked": {
        "lastModified": 1698182744,
        "narHash": "sha256-qlTKYxhdU+d2J70M2QZDl8kz4jvhEyTmK9ZEw96dRmw=",
        "owner": "Rconybea",
        "repo": "xo-pyreactor",
        "rev": "037b34d9e903e11ba53b23dcf384527ba7a6b214",
        "type": "github"
      },
      "original": {
        "owner": "Rconybea",
        "repo": "xo-pyreactor",
        "type": "github"
      }
    },
    "xo-pyreflect-path": {
      "flake": false,
      "locked": {
        "lastModified": 1698194254,
        "narHash": "sha256-qcbX2zKleuT2eIvh5x6jLI2uE5Ij3nc11ZWviWat9ZU=",
        "owner": "Rconybea",
        "repo": "xo-pyreflect",
        "rev": "ccccf26f59a67b24e3c7ad6347b1bdfdb1979ded",
        "type": "github"
      },
      "original": {
        "owner": "Rconybea",
        "repo": "xo-pyreflect",
        "type": "github"
      }
    },
    "xo-pyutil-path": {
      "flake": false,
      "locked": {
        "lastModified": 1698010630,
        "narHash": "sha256-pz1KS7ANHzGB/LDKb1HTxdK3AEwQXPhPK8XmDAnbC34=",
        "owner": "Rconybea",
        "repo": "xo-pyutil",
        "rev": "f880bc66598db2b9fcb57cd6ca3c0b67edd561a6",
        "type": "github"
      },
      "original": {
        "owner": "Rconybea",
        "repo": "xo-pyutil",
        "type": "github"
      }
    },
    "xo-pywebsock-path": {
      "flake": false,
      "locked": {
        "lastModified": 1698199944,
        "narHash": "sha256-MDNsKIZTY63qo/QIJesQsPPqKTBimhjED+d7kqclnLs=",
        "owner": "Rconybea",
        "repo": "xo-pywebsock",
        "rev": "697fd4ee9a2497e154493fab9264b2a89a048cd6",
        "type": "github"
      },
      "original": {
        "owner": "Rconybea",
        "repo": "xo-pywebsock",
        "type": "github"
      }
    },
    "xo-pywebutil-path": {
      "flake": false,
      "locked": {
        "lastModified": 1698199834,
        "narHash": "sha256-Cg1wU2rN89sI5ThIO0F2gSmtCemWxTa1yq6D1eDZ4Vc=",
        "owner": "Rconybea",
        "repo": "xo-pywebutil",
        "rev": "7a7c3ab3f3d83bbb3d8d131bb854d9d104ae3985",
        "type": "github"
      },
      "original": {
        "owner": "Rconybea",
        "repo": "xo-pywebutil",
        "type": "github"
      }
    },
    "xo-randomgen-path": {
      "flake": false,
      "locked": {
        "lastModified": 1698106725,
        "narHash": "sha256-a0h7nQ4np6cocbtEcfbBT22UqlBSG8GFqGtLnPfMwKg=",
        "owner": "Rconybea",
        "repo": "randomgen",
        "rev": "e3743cc01feb9daa8b9c0481f1d6939a0a5829df",
        "type": "github"
      },
      "original": {
        "owner": "Rconybea",
        "repo": "randomgen",
        "type": "github"
      }
    },
    "xo-reactor-path": {
      "flake": false,
      "locked": {
        "lastModified": 1698183554,
        "narHash": "sha256-+FF7l/2HdMDxDDE0tyVubj+RGMDNcrGEXYTMhVDMtj4=",
        "owner": "Rconybea",
        "repo": "xo-reactor",
        "rev": "389a6375756da93aa8c7cc3f5aa64ab59fc8266f",
        "type": "github"
      },
      "original": {
        "owner": "Rconybea",
        "repo": "xo-reactor",
        "type": "github"
      }
    },
    "xo-refcnt-path": {
      "flake": false,
      "locked": {
        "lastModified": 1698008737,
        "narHash": "sha256-/w/Icd6fra/krjxseWcOhdPuKwqgxzANaiJNFm3tJm4=",
        "owner": "Rconybea",
        "repo": "refcnt",
        "rev": "24a145b48936688a4493a09b6e29d1ba0abde249",
        "type": "github"
      },
      "original": {
        "owner": "Rconybea",
        "repo": "refcnt",
        "type": "github"
      }
    },
    "xo-reflect-path": {
      "flake": false,
      "locked": {
        "lastModified": 1710358200,
        "narHash": "sha256-xsy7gUTvvMD9r1BsYDknahUnVljvTjgjc4NucjstZkY=",
        "owner": "Rconybea",
        "repo": "reflect",
        "rev": "b0b3e7c0c8b297fad95daefa4ad197f1828e9592",
        "type": "github"
      },
      "original": {
        "owner": "Rconybea",
        "repo": "reflect",
        "type": "github"
      }
    },
    "xo-simulator-path": {
      "flake": false,
      "locked": {
        "lastModified": 1698001117,
        "narHash": "sha256-8neiuYSII3CZCmxXxpGz+JFBWr+nAvJlXwjnNwq8HAc=",
        "owner": "Rconybea",
        "repo": "xo-simulator",
        "rev": "c09dfcc4f526ba1cdc45bccef4761ec903ba13b8",
        "type": "github"
      },
      "original": {
        "owner": "Rconybea",
        "repo": "xo-simulator",
        "type": "github"
      }
    },
    "xo-statistics-path": {
      "flake": false,
      "locked": {
        "lastModified": 1698199789,
        "narHash": "sha256-rNKx6L1scYIn523BExis4nZ0QJGlOBRvdjZfd6fjqZw=",
        "owner": "Rconybea",
        "repo": "xo-statistics",
        "rev": "f95cd5edc5ce5bac3f8e55530fdc26c38f626739",
        "type": "github"
      },
      "original": {
        "owner": "Rconybea",
        "repo": "xo-statistics",
        "type": "github"
      }
    },
    "xo-subsys-path": {
      "flake": false,
      "locked": {
        "lastModified": 1697746833,
        "narHash": "sha256-MOR3Vlk/0nAakY9BC+54iVmG3PpEkBE4cMe4pB3DvS8=",
        "owner": "Rconybea",
        "repo": "subsys",
        "rev": "6d5a14b33557e2ed9abf8a51682bf18ceb77288b",
        "type": "github"
      },
      "original": {
        "owner": "Rconybea",
        "repo": "subsys",
        "type": "github"
      }
    },
    "xo-websock-path": {
      "flake": false,
      "locked": {
        "lastModified": 1710363058,
        "narHash": "sha256-/0dVLN0Gasjq+bKraebJ96G4Z1rjwQo3jXE2sviWyno=",
        "owner": "Rconybea",
        "repo": "xo-websock",
        "rev": "d34315d33f485fd5affb810979fcf5880c155b3b",
        "type": "github"
      },
      "original": {
        "owner": "Rconybea",
        "repo": "xo-websock",
        "type": "github"
      }
    },
    "xo-webutil-path": {
      "flake": false,
      "locked": {
        "lastModified": 1697749828,
        "narHash": "sha256-BTnYRRPuTsTEhZ6Rr6pAgM9d+Y8MzmyhFnddRRKcVKA=",
        "owner": "Rconybea",
        "repo": "xo-webutil",
        "rev": "7c2d01c5f437ed01bdf72681036b33f40551bb6e",
        "type": "github"
      },
      "original": {
        "owner": "Rconybea",
        "repo": "xo-webutil",
        "type": "github"
      }
    }
  },
  "root": "root",
  "version": 7
}
